// !$*UTF8*$!
{
	archiveVersion = 1;
	classes = {
	};
	objectVersion = 46;
	objects = {

/* Begin PBXBuildFile section */
		96EF250B1D662D2F00F95C51 /* StyleSheet.h in CopyFiles */ = {isa = PBXBuildFile; fileRef = 96EF250A1D662D2F00F95C51 /* StyleSheet.h */; };
		96EF250D1D662D2F00F95C51 /* StyleSheet.m in Sources */ = {isa = PBXBuildFile; fileRef = 96EF250C1D662D2F00F95C51 /* StyleSheet.m */; };
/* End PBXBuildFile section */

/* Begin PBXCopyFilesBuildPhase section */
		96EF25051D662D2E00F95C51 /* CopyFiles */ = {
			isa = PBXCopyFilesBuildPhase;
			buildActionMask = 2147483647;
			dstPath = "include/$(PRODUCT_NAME)";
			dstSubfolderSpec = 16;
			files = (
				96EF250B1D662D2F00F95C51 /* StyleSheet.h in CopyFiles */,
			);
			runOnlyForDeploymentPostprocessing = 0;
		};
/* End PBXCopyFilesBuildPhase section */

/* Begin PBXFileReference section */
		96EF25071D662D2E00F95C51 /* libStyleSheet.a */ = {isa = PBXFileReference; explicitFileType = archive.ar; includeInIndex = 0; path = libStyleSheet.a; sourceTree = BUILT_PRODUCTS_DIR; };
		96EF250A1D662D2F00F95C51 /* StyleSheet.h */ = {isa = PBXFileReference; lastKnownFileType = sourcecode.c.h; path = StyleSheet.h; sourceTree = "<group>"; };
		96EF250C1D662D2F00F95C51 /* StyleSheet.m */ = {isa = PBXFileReference; lastKnownFileType = sourcecode.c.objc; path = StyleSheet.m; sourceTree = "<group>"; };
/* End PBXFileReference section */

/* Begin PBXFrameworksBuildPhase section */
		96EF25041D662D2E00F95C51 /* Frameworks */ = {
			isa = PBXFrameworksBuildPhase;
			buildActionMask = 2147483647;
			files = (
			);
			runOnlyForDeploymentPostprocessing = 0;
		};
/* End PBXFrameworksBuildPhase section */

/* Begin PBXGroup section */
		96EF24FE1D662D2E00F95C51 = {
			isa = PBXGroup;
			children = (
				96EF25091D662D2F00F95C51 /* StyleSheet */,
				96EF25081D662D2E00F95C51 /* Products */,
			);
			sourceTree = "<group>";
		};
		96EF25081D662D2E00F95C51 /* Products */ = {
			isa = PBXGroup;
			children = (
				96EF25071D662D2E00F95C51 /* libStyleSheet.a */,
			);
			name = Products;
			sourceTree = "<group>";
		};
		96EF25091D662D2F00F95C51 /* StyleSheet */ = {
			isa = PBXGroup;
			children = (
				96EF250A1D662D2F00F95C51 /* StyleSheet.h */,
				96EF250C1D662D2F00F95C51 /* StyleSheet.m */,
			);
			path = StyleSheet;
			sourceTree = "<group>";
		};
/* End PBXGroup section */

/* Begin PBXNativeTarget section */
		96EF25061D662D2E00F95C51 /* StyleSheet */ = {
			isa = PBXNativeTarget;
			buildConfigurationList = 96EF25101D662D2F00F95C51 /* Build configuration list for PBXNativeTarget "StyleSheet" */;
			buildPhases = (
				96EF25031D662D2E00F95C51 /* Sources */,
				96EF25041D662D2E00F95C51 /* Frameworks */,
				96EF25051D662D2E00F95C51 /* CopyFiles */,
			);
			buildRules = (
			);
			dependencies = (
			);
			name = StyleSheet;
			productName = StyleSheet;
			productReference = 96EF25071D662D2E00F95C51 /* libStyleSheet.a */;
			productType = "com.apple.product-type.library.static";
		};
/* End PBXNativeTarget section */

/* Begin PBXProject section */
		96EF24FF1D662D2E00F95C51 /* Project object */ = {
			isa = PBXProject;
			attributes = {
				LastUpgradeCheck = 0800;
				ORGANIZATIONNAME = "Michel Donais";
				TargetAttributes = {
					96EF25061D662D2E00F95C51 = {
						CreatedOnToolsVersion = 8.0;
						DevelopmentTeam = 6UA46ZJEU9;
						DevelopmentTeamName = "Michel Donais";
						ProvisioningStyle = Automatic;
					};
				};
			};
			buildConfigurationList = 96EF25021D662D2E00F95C51 /* Build configuration list for PBXProject "StyleSheet" */;
			compatibilityVersion = "Xcode 3.2";
			developmentRegion = English;
			hasScannedForEncodings = 0;
			knownRegions = (
				en,
			);
			mainGroup = 96EF24FE1D662D2E00F95C51;
			productRefGroup = 96EF25081D662D2E00F95C51 /* Products */;
			projectDirPath = "";
			projectRoot = "";
			targets = (
				96EF25061D662D2E00F95C51 /* StyleSheet */,
			);
		};
/* End PBXProject section */

/* Begin PBXSourcesBuildPhase section */
		96EF25031D662D2E00F95C51 /* Sources */ = {
			isa = PBXSourcesBuildPhase;
			buildActionMask = 2147483647;
			files = (
				96EF250D1D662D2F00F95C51 /* StyleSheet.m in Sources */,
			);
			runOnlyForDeploymentPostprocessing = 0;
		};
/* End PBXSourcesBuildPhase section */

/* Begin XCBuildConfiguration section */
		96EF250E1D662D2F00F95C51 /* Debug */ = {
			isa = XCBuildConfiguration;
			buildSettings = {
				ALWAYS_SEARCH_USER_PATHS = NO;
				CLANG_ANALYZER_NONNULL = YES;
				CLANG_CXX_LANGUAGE_STANDARD = "gnu++0x";
				CLANG_CXX_LIBRARY = "libc++";
				CLANG_ENABLE_MODULES = YES;
				CLANG_ENABLE_OBJC_ARC = YES;
				CLANG_WARN_BOOL_CONVERSION = YES;
				CLANG_WARN_CONSTANT_CONVERSION = YES;
				CLANG_WARN_DIRECT_OBJC_ISA_USAGE = YES_ERROR;
				CLANG_WARN_DOCUMENTATION_COMMENTS = YES;
				CLANG_WARN_EMPTY_BODY = YES;
				CLANG_WARN_ENUM_CONVERSION = YES;
				CLANG_WARN_INT_CONVERSION = YES;
				CLANG_WARN_OBJC_ROOT_CLASS = YES_ERROR;
				CLANG_WARN_UNREACHABLE_CODE = YES;
				CLANG_WARN__DUPLICATE_METHOD_MATCH = YES;
				"CODE_SIGN_IDENTITY[sdk=iphoneos*]" = "iPhone Developer";
				COPY_PHASE_STRIP = NO;
				DEBUG_INFORMATION_FORMAT = dwarf;
				ENABLE_STRICT_OBJC_MSGSEND = YES;
				ENABLE_TESTABILITY = YES;
				GCC_C_LANGUAGE_STANDARD = gnu99;
				GCC_DYNAMIC_NO_PIC = NO;
				GCC_NO_COMMON_BLOCKS = YES;
				GCC_OPTIMIZATION_LEVEL = 0;
				GCC_PREPROCESSOR_DEFINITIONS = (
					"DEBUG=1",
					"$(inherited)",
				);
				GCC_WARN_64_TO_32_BIT_CONVERSION = YES;
				GCC_WARN_ABOUT_RETURN_TYPE = YES_ERROR;
				GCC_WARN_UNDECLARED_SELECTOR = YES;
				GCC_WARN_UNINITIALIZED_AUTOS = YES_AGGRESSIVE;
				GCC_WARN_UNUSED_FUNCTION = YES;
				GCC_WARN_UNUSED_VARIABLE = YES;
				IPHONEOS_DEPLOYMENT_TARGET = 10.0;
				MTL_ENABLE_DEBUG_INFO = YES;
				ONLY_ACTIVE_ARCH = YES;
				SDKROOT = iphoneos;
			};
			name = Debug;
		};
		96EF250F1D662D2F00F95C51 /* Release */ = {
			isa = XCBuildConfiguration;
			buildSettings = {
				ALWAYS_SEARCH_USER_PATHS = NO;
				CLANG_ANALYZER_NONNULL = YES;
				CLANG_CXX_LANGUAGE_STANDARD = "gnu++0x";
				CLANG_CXX_LIBRARY = "libc++";
				CLANG_ENABLE_MODULES = YES;
				CLANG_ENABLE_OBJC_ARC = YES;
				CLANG_WARN_BOOL_CONVERSION = YES;
				CLANG_WARN_CONSTANT_CONVERSION = YES;
				CLANG_WARN_DIRECT_OBJC_ISA_USAGE = YES_ERROR;
				CLANG_WARN_DOCUMENTATION_COMMENTS = YES;
				CLANG_WARN_EMPTY_BODY = YES;
				CLANG_WARN_ENUM_CONVERSION = YES;
				CLANG_WARN_INT_CONVERSION = YES;
				CLANG_WARN_OBJC_ROOT_CLASS = YES_ERROR;
				CLANG_WARN_UNREACHABLE_CODE = YES;
				CLANG_WARN__DUPLICATE_METHOD_MATCH = YES;
				"CODE_SIGN_IDENTITY[sdk=iphoneos*]" = "iPhone Developer";
				COPY_PHASE_STRIP = NO;
				DEBUG_INFORMATION_FORMAT = "dwarf-with-dsym";
				ENABLE_NS_ASSERTIONS = NO;
				ENABLE_STRICT_OBJC_MSGSEND = YES;
				GCC_C_LANGUAGE_STANDARD = gnu99;
				GCC_NO_COMMON_BLOCKS = YES;
				GCC_WARN_64_TO_32_BIT_CONVERSION = YES;
				GCC_WARN_ABOUT_RETURN_TYPE = YES_ERROR;
				GCC_WARN_UNDECLARED_SELECTOR = YES;
				GCC_WARN_UNINITIALIZED_AUTOS = YES_AGGRESSIVE;
				GCC_WARN_UNUSED_FUNCTION = YES;
				GCC_WARN_UNUSED_VARIABLE = YES;
				IPHONEOS_DEPLOYMENT_TARGET = 10.0;
				MTL_ENABLE_DEBUG_INFO = NO;
				SDKROOT = iphoneos;
				VALIDATE_PRODUCT = YES;
			};
			name = Release;
		};
		96EF25111D662D2F00F95C51 /* Debug */ = {
			isa = XCBuildConfiguration;
			buildSettings = {
				OTHER_LDFLAGS = "-ObjC";
				PRODUCT_NAME = "$(TARGET_NAME)";
				SKIP_INSTALL = YES;
			};
			name = Debug;
		};
		96EF25121D662D2F00F95C51 /* Release */ = {
			isa = XCBuildConfiguration;
			buildSettings = {
				OTHER_LDFLAGS = "-ObjC";
				PRODUCT_NAME = "$(TARGET_NAME)";
				SKIP_INSTALL = YES;
			};
			name = Release;
		};
/* End XCBuildConfiguration section */

/* Begin XCConfigurationList section */
		96EF25021D662D2E00F95C51 /* Build configuration list for PBXProject "StyleSheet" */ = {
			isa = XCConfigurationList;
			buildConfigurations = (
				96EF250E1D662D2F00F95C51 /* Debug */,
				96EF250F1D662D2F00F95C51 /* Release */,
			);
			defaultConfigurationIsVisible = 0;
			defaultConfigurationName = Release;
		};
		96EF25101D662D2F00F95C51 /* Build configuration list for PBXNativeTarget "StyleSheet" */ = {
			isa = XCConfigurationList;
			buildConfigurations = (
				96EF25111D662D2F00F95C51 /* Debug */,
				96EF25121D662D2F00F95C51 /* Release */,
			);
			defaultConfigurationIsVisible = 0;
		};
/* End XCConfigurationList section */
	};
	rootObject = 96EF24FF1D662D2E00F95C51 /* Project object */;
}
