// !$*UTF8*$!
{
	archiveVersion = 1;
	classes = {
	};
	objectVersion = 46;
	objects = {

/* Begin PBXBuildFile section */
		96EF25501D675CD000F95C51 /* Document.cpp in Sources */ = {isa = PBXBuildFile; fileRef = 96EF254E1D675CD000F95C51 /* Document.cpp */; };
		96EF25531D675CE100F95C51 /* Element.cpp in Sources */ = {isa = PBXBuildFile; fileRef = 96EF25511D675CE100F95C51 /* Element.cpp */; };
		96EF25561D675CEF00F95C51 /* Parser.cpp in Sources */ = {isa = PBXBuildFile; fileRef = 96EF25541D675CEE00F95C51 /* Parser.cpp */; };
		96EF25591D675CFA00F95C51 /* PropertySet.cpp in Sources */ = {isa = PBXBuildFile; fileRef = 96EF25571D675CFA00F95C51 /* PropertySet.cpp */; };
		96EF255C1D675D0700F95C51 /* Selector.cpp in Sources */ = {isa = PBXBuildFile; fileRef = 96EF255A1D675D0700F95C51 /* Selector.cpp */; };
		96EF255F1D675D0F00F95C51 /* Style.cpp in Sources */ = {isa = PBXBuildFile; fileRef = 96EF255D1D675D0F00F95C51 /* Style.cpp */; };
		96EF25621D675FD600F95C51 /* Property.cpp in Sources */ = {isa = PBXBuildFile; fileRef = 96EF25601D675FD600F95C51 /* Property.cpp */; };
		96EF25631D6773A300F95C51 /* Document.h in CopyFiles */ = {isa = PBXBuildFile; fileRef = 96EF254F1D675CD000F95C51 /* Document.h */; };
		96EF25641D6773A600F95C51 /* Element.h in CopyFiles */ = {isa = PBXBuildFile; fileRef = 96EF25521D675CE100F95C51 /* Element.h */; };
		96EF25651D6773A800F95C51 /* Parser.h in CopyFiles */ = {isa = PBXBuildFile; fileRef = 96EF25551D675CEF00F95C51 /* Parser.h */; };
		96EF25661D6773AC00F95C51 /* Property.h in CopyFiles */ = {isa = PBXBuildFile; fileRef = 96EF25611D675FD600F95C51 /* Property.h */; };
		96EF25671D6773AF00F95C51 /* PropertySet.h in CopyFiles */ = {isa = PBXBuildFile; fileRef = 96EF25581D675CFA00F95C51 /* PropertySet.h */; };
		96EF25681D6773B200F95C51 /* Selector.h in CopyFiles */ = {isa = PBXBuildFile; fileRef = 96EF255B1D675D0700F95C51 /* Selector.h */; };
		96EF25691D6773B600F95C51 /* Style.h in CopyFiles */ = {isa = PBXBuildFile; fileRef = 96EF255E1D675D0F00F95C51 /* Style.h */; };
		96EF256B1D67745D00F95C51 /* StyleSheetGlobals.h in CopyFiles */ = {isa = PBXBuildFile; fileRef = 96EF256A1D67745400F95C51 /* StyleSheetGlobals.h */; };
		96EF256D1D6778F800F95C51 /* StyleSheetGlobals.cpp in Sources */ = {isa = PBXBuildFile; fileRef = 96EF256C1D6778F800F95C51 /* StyleSheetGlobals.cpp */; };
/* End PBXBuildFile section */

/* Begin PBXCopyFilesBuildPhase section */
		96EF25051D662D2E00F95C51 /* CopyFiles */ = {
			isa = PBXCopyFilesBuildPhase;
			buildActionMask = 2147483647;
			dstPath = "include/$(PRODUCT_NAME)";
			dstSubfolderSpec = 16;
			files = (
				96EF25631D6773A300F95C51 /* Document.h in CopyFiles */,
				96EF25641D6773A600F95C51 /* Element.h in CopyFiles */,
				96EF25651D6773A800F95C51 /* Parser.h in CopyFiles */,
				96EF25661D6773AC00F95C51 /* Property.h in CopyFiles */,
				96EF25671D6773AF00F95C51 /* PropertySet.h in CopyFiles */,
				96EF25681D6773B200F95C51 /* Selector.h in CopyFiles */,
				96EF25691D6773B600F95C51 /* Style.h in CopyFiles */,
				96EF256B1D67745D00F95C51 /* StyleSheetGlobals.h in CopyFiles */,
			);
			runOnlyForDeploymentPostprocessing = 0;
		};
/* End PBXCopyFilesBuildPhase section */

/* Begin PBXFileReference section */
		96EF25071D662D2E00F95C51 /* libStyleSheet.a */ = {isa = PBXFileReference; explicitFileType = archive.ar; includeInIndex = 0; name = libStyleSheet.a; path = libstylesheet.a; sourceTree = BUILT_PRODUCTS_DIR; };
		96EF254E1D675CD000F95C51 /* Document.cpp */ = {isa = PBXFileReference; fileEncoding = 4; lastKnownFileType = sourcecode.cpp.cpp; path = Document.cpp; sourceTree = "<group>"; };
		96EF254F1D675CD000F95C51 /* Document.h */ = {isa = PBXFileReference; fileEncoding = 4; lastKnownFileType = sourcecode.c.h; path = Document.h; sourceTree = "<group>"; };
		96EF25511D675CE100F95C51 /* Element.cpp */ = {isa = PBXFileReference; fileEncoding = 4; lastKnownFileType = sourcecode.cpp.cpp; path = Element.cpp; sourceTree = "<group>"; };
		96EF25521D675CE100F95C51 /* Element.h */ = {isa = PBXFileReference; fileEncoding = 4; lastKnownFileType = sourcecode.c.h; path = Element.h; sourceTree = "<group>"; };
		96EF25541D675CEE00F95C51 /* Parser.cpp */ = {isa = PBXFileReference; fileEncoding = 4; lastKnownFileType = sourcecode.cpp.cpp; path = Parser.cpp; sourceTree = "<group>"; };
		96EF25551D675CEF00F95C51 /* Parser.h */ = {isa = PBXFileReference; fileEncoding = 4; lastKnownFileType = sourcecode.c.h; path = Parser.h; sourceTree = "<group>"; };
		96EF25571D675CFA00F95C51 /* PropertySet.cpp */ = {isa = PBXFileReference; fileEncoding = 4; lastKnownFileType = sourcecode.cpp.cpp; path = PropertySet.cpp; sourceTree = "<group>"; };
		96EF25581D675CFA00F95C51 /* PropertySet.h */ = {isa = PBXFileReference; fileEncoding = 4; lastKnownFileType = sourcecode.c.h; path = PropertySet.h; sourceTree = "<group>"; };
		96EF255A1D675D0700F95C51 /* Selector.cpp */ = {isa = PBXFileReference; fileEncoding = 4; lastKnownFileType = sourcecode.cpp.cpp; path = Selector.cpp; sourceTree = "<group>"; };
		96EF255B1D675D0700F95C51 /* Selector.h */ = {isa = PBXFileReference; fileEncoding = 4; lastKnownFileType = sourcecode.c.h; path = Selector.h; sourceTree = "<group>"; };
		96EF255D1D675D0F00F95C51 /* Style.cpp */ = {isa = PBXFileReference; fileEncoding = 4; lastKnownFileType = sourcecode.cpp.cpp; path = Style.cpp; sourceTree = "<group>"; };
		96EF255E1D675D0F00F95C51 /* Style.h */ = {isa = PBXFileReference; fileEncoding = 4; lastKnownFileType = sourcecode.c.h; path = Style.h; sourceTree = "<group>"; };
		96EF25601D675FD600F95C51 /* Property.cpp */ = {isa = PBXFileReference; fileEncoding = 4; lastKnownFileType = sourcecode.cpp.cpp; path = Property.cpp; sourceTree = "<group>"; };
		96EF25611D675FD600F95C51 /* Property.h */ = {isa = PBXFileReference; fileEncoding = 4; lastKnownFileType = sourcecode.c.h; path = Property.h; sourceTree = "<group>"; };
		96EF256A1D67745400F95C51 /* StyleSheetGlobals.h */ = {isa = PBXFileReference; lastKnownFileType = sourcecode.c.h; path = StyleSheetGlobals.h; sourceTree = "<group>"; };
		96EF256C1D6778F800F95C51 /* StyleSheetGlobals.cpp */ = {isa = PBXFileReference; fileEncoding = 4; lastKnownFileType = sourcecode.cpp.cpp; path = StyleSheetGlobals.cpp; sourceTree = "<group>"; };
/* End PBXFileReference section */

/* Begin PBXFrameworksBuildPhase section */
		96EF25041D662D2E00F95C51 /* Frameworks */ = {
			isa = PBXFrameworksBuildPhase;
			buildActionMask = 2147483647;
			files = (
			);
			runOnlyForDeploymentPostprocessing = 0;
		};
/* End PBXFrameworksBuildPhase section */

/* Begin PBXGroup section */
		96EF24FE1D662D2E00F95C51 = {
			isa = PBXGroup;
			children = (
				96EF25091D662D2F00F95C51 /* StyleSheet */,
				96EF25081D662D2E00F95C51 /* Products */,
			);
			sourceTree = "<group>";
		};
		96EF25081D662D2E00F95C51 /* Products */ = {
			isa = PBXGroup;
			children = (
				96EF25071D662D2E00F95C51 /* libStyleSheet.a */,
			);
			name = Products;
			sourceTree = "<group>";
		};
		96EF25091D662D2F00F95C51 /* StyleSheet */ = {
			isa = PBXGroup;
			children = (
				96EF254E1D675CD000F95C51 /* Document.cpp */,
				96EF254F1D675CD000F95C51 /* Document.h */,
				96EF25511D675CE100F95C51 /* Element.cpp */,
				96EF25521D675CE100F95C51 /* Element.h */,
				96EF25541D675CEE00F95C51 /* Parser.cpp */,
				96EF25551D675CEF00F95C51 /* Parser.h */,
				96EF25601D675FD600F95C51 /* Property.cpp */,
				96EF25611D675FD600F95C51 /* Property.h */,
				96EF25571D675CFA00F95C51 /* PropertySet.cpp */,
				96EF25581D675CFA00F95C51 /* PropertySet.h */,
				96EF255A1D675D0700F95C51 /* Selector.cpp */,
				96EF255B1D675D0700F95C51 /* Selector.h */,
				96EF255D1D675D0F00F95C51 /* Style.cpp */,
				96EF255E1D675D0F00F95C51 /* Style.h */,
				96EF256C1D6778F800F95C51 /* StyleSheetGlobals.cpp */,
				96EF256A1D67745400F95C51 /* StyleSheetGlobals.h */,
			);
			path = StyleSheet;
			sourceTree = "<group>";
		};
/* End PBXGroup section */

/* Begin PBXNativeTarget section */
		96EF25061D662D2E00F95C51 /* StyleSheet */ = {
			isa = PBXNativeTarget;
			buildConfigurationList = 96EF25101D662D2F00F95C51 /* Build configuration list for PBXNativeTarget "StyleSheet" */;
			buildPhases = (
				96EF25031D662D2E00F95C51 /* Sources */,
				96EF25041D662D2E00F95C51 /* Frameworks */,
				96EF25051D662D2E00F95C51 /* CopyFiles */,
			);
			buildRules = (
			);
			dependencies = (
			);
			name = StyleSheet;
			productName = StyleSheet;
			productReference = 96EF25071D662D2E00F95C51 /* libStyleSheet.a */;
			productType = "com.apple.product-type.library.static";
		};
/* End PBXNativeTarget section */

/* Begin PBXProject section */
		96EF24FF1D662D2E00F95C51 /* Project object */ = {
			isa = PBXProject;
			attributes = {
				LastUpgradeCheck = 0830;
				ORGANIZATIONNAME = "Michel Donais";
				TargetAttributes = {
					96EF25061D662D2E00F95C51 = {
						CreatedOnToolsVersion = 8.0;
						DevelopmentTeam = 6UA46ZJEU9;
						DevelopmentTeamName = "Michel Donais";
						ProvisioningStyle = Automatic;
					};
				};
			};
			buildConfigurationList = 96EF25021D662D2E00F95C51 /* Build configuration list for PBXProject "StyleSheet" */;
			compatibilityVersion = "Xcode 3.2";
			developmentRegion = English;
			hasScannedForEncodings = 0;
			knownRegions = (
				en,
			);
			mainGroup = 96EF24FE1D662D2E00F95C51;
			productRefGroup = 96EF25081D662D2E00F95C51 /* Products */;
			projectDirPath = "";
			projectRoot = "";
			targets = (
				96EF25061D662D2E00F95C51 /* StyleSheet */,
			);
		};
/* End PBXProject section */

/* Begin PBXSourcesBuildPhase section */
		96EF25031D662D2E00F95C51 /* Sources */ = {
			isa = PBXSourcesBuildPhase;
			buildActionMask = 2147483647;
			files = (
				96EF255C1D675D0700F95C51 /* Selector.cpp in Sources */,
				96EF25561D675CEF00F95C51 /* Parser.cpp in Sources */,
				96EF25621D675FD600F95C51 /* Property.cpp in Sources */,
				96EF25591D675CFA00F95C51 /* PropertySet.cpp in Sources */,
				96EF256D1D6778F800F95C51 /* StyleSheetGlobals.cpp in Sources */,
				96EF25531D675CE100F95C51 /* Element.cpp in Sources */,
				96EF255F1D675D0F00F95C51 /* Style.cpp in Sources */,
				96EF25501D675CD000F95C51 /* Document.cpp in Sources */,
			);
			runOnlyForDeploymentPostprocessing = 0;
		};
/* End PBXSourcesBuildPhase section */

/* Begin XCBuildConfiguration section */
		96EF250E1D662D2F00F95C51 /* Debug */ = {
			isa = XCBuildConfiguration;
			buildSettings = {
				ALWAYS_SEARCH_USER_PATHS = NO;
				CLANG_ANALYZER_NONNULL = YES;
				CLANG_CXX_LANGUAGE_STANDARD = "c++14";
				CLANG_CXX_LIBRARY = "libc++";
				CLANG_WARN_ASSIGN_ENUM = YES;
				CLANG_WARN_BOOL_CONVERSION = YES;
				CLANG_WARN_CONSTANT_CONVERSION = YES;
				CLANG_WARN_DIRECT_OBJC_ISA_USAGE = YES_ERROR;
				CLANG_WARN_DOCUMENTATION_COMMENTS = YES;
				CLANG_WARN_EMPTY_BODY = YES;
				CLANG_WARN_ENUM_CONVERSION = YES;
				CLANG_WARN_IMPLICIT_SIGN_CONVERSION = YES;
				CLANG_WARN_INFINITE_RECURSION = YES;
				CLANG_WARN_INT_CONVERSION = YES;
				CLANG_WARN_OBJC_ROOT_CLASS = YES_ERROR;
				CLANG_WARN_SUSPICIOUS_IMPLICIT_CONVERSION = YES;
				CLANG_WARN_SUSPICIOUS_MOVE = YES;
				CLANG_WARN_UNREACHABLE_CODE = YES;
				CLANG_WARN__DUPLICATE_METHOD_MATCH = YES;
				CLANG_WARN__EXIT_TIME_DESTRUCTORS = YES;
				COPY_PHASE_STRIP = NO;
				DEBUG_INFORMATION_FORMAT = "dwarf-with-dsym";
				ENABLE_STRICT_OBJC_MSGSEND = YES;
				ENABLE_TESTABILITY = YES;
				GCC_C_LANGUAGE_STANDARD = gnu99;
				GCC_NO_COMMON_BLOCKS = YES;
				GCC_OPTIMIZATION_LEVEL = 0;
				GCC_PREPROCESSOR_DEFINITIONS = (
					"DEBUG=1",
					"$(inherited)",
				);
				GCC_TREAT_IMPLICIT_FUNCTION_DECLARATIONS_AS_ERRORS = YES;
				GCC_TREAT_INCOMPATIBLE_POINTER_TYPE_WARNINGS_AS_ERRORS = YES;
				GCC_UNROLL_LOOPS = YES;
				GCC_WARN_64_TO_32_BIT_CONVERSION = YES;
				GCC_WARN_ABOUT_MISSING_FIELD_INITIALIZERS = YES;
				GCC_WARN_ABOUT_MISSING_NEWLINE = YES;
				GCC_WARN_ABOUT_MISSING_PROTOTYPES = YES;
				GCC_WARN_ABOUT_RETURN_TYPE = YES_ERROR;
				GCC_WARN_FOUR_CHARACTER_CONSTANTS = YES;
				GCC_WARN_HIDDEN_VIRTUAL_FUNCTIONS = YES;
				GCC_WARN_INITIALIZER_NOT_FULLY_BRACKETED = YES;
				GCC_WARN_NON_VIRTUAL_DESTRUCTOR = YES;
				GCC_WARN_SHADOW = YES;
				GCC_WARN_SIGN_COMPARE = YES;
				GCC_WARN_UNDECLARED_SELECTOR = YES;
				GCC_WARN_UNINITIALIZED_AUTOS = YES_AGGRESSIVE;
				GCC_WARN_UNKNOWN_PRAGMAS = YES;
				GCC_WARN_UNUSED_FUNCTION = YES;
				GCC_WARN_UNUSED_LABEL = YES;
				GCC_WARN_UNUSED_VARIABLE = YES;
				MTL_ENABLE_DEBUG_INFO = YES;
				ONLY_ACTIVE_ARCH = YES;
				PRODUCT_NAME = stylesheet;
				RUN_CLANG_STATIC_ANALYZER = YES;
				SKIP_INSTALL = YES;
			};
			name = Debug;
		};
		96EF250F1D662D2F00F95C51 /* Release */ = {
			isa = XCBuildConfiguration;
			buildSettings = {
				ALWAYS_SEARCH_USER_PATHS = NO;
				CLANG_ANALYZER_NONNULL = YES;
				CLANG_CXX_LANGUAGE_STANDARD = "c++14";
				CLANG_CXX_LIBRARY = "libc++";
				CLANG_WARN_ASSIGN_ENUM = YES;
				CLANG_WARN_BOOL_CONVERSION = YES;
				CLANG_WARN_CONSTANT_CONVERSION = YES;
				CLANG_WARN_DIRECT_OBJC_ISA_USAGE = YES_ERROR;
				CLANG_WARN_DOCUMENTATION_COMMENTS = YES;
				CLANG_WARN_EMPTY_BODY = YES;
				CLANG_WARN_ENUM_CONVERSION = YES;
				CLANG_WARN_IMPLICIT_SIGN_CONVERSION = YES;
				CLANG_WARN_INFINITE_RECURSION = YES;
				CLANG_WARN_INT_CONVERSION = YES;
				CLANG_WARN_OBJC_ROOT_CLASS = YES_ERROR;
				CLANG_WARN_SUSPICIOUS_IMPLICIT_CONVERSION = YES;
				CLANG_WARN_SUSPICIOUS_MOVE = YES;
				CLANG_WARN_UNREACHABLE_CODE = YES;
				CLANG_WARN__DUPLICATE_METHOD_MATCH = YES;
				CLANG_WARN__EXIT_TIME_DESTRUCTORS = YES;
				COPY_PHASE_STRIP = NO;
				DEBUG_INFORMATION_FORMAT = "dwarf-with-dsym";
				ENABLE_STRICT_OBJC_MSGSEND = YES;
				GCC_C_LANGUAGE_STANDARD = gnu99;
				GCC_NO_COMMON_BLOCKS = YES;
				GCC_OPTIMIZATION_LEVEL = fast;
				GCC_TREAT_IMPLICIT_FUNCTION_DECLARATIONS_AS_ERRORS = YES;
				GCC_TREAT_INCOMPATIBLE_POINTER_TYPE_WARNINGS_AS_ERRORS = YES;
				GCC_UNROLL_LOOPS = YES;
				GCC_WARN_64_TO_32_BIT_CONVERSION = YES;
				GCC_WARN_ABOUT_MISSING_FIELD_INITIALIZERS = YES;
				GCC_WARN_ABOUT_MISSING_NEWLINE = YES;
				GCC_WARN_ABOUT_MISSING_PROTOTYPES = YES;
				GCC_WARN_ABOUT_RETURN_TYPE = YES_ERROR;
				GCC_WARN_FOUR_CHARACTER_CONSTANTS = YES;
				GCC_WARN_HIDDEN_VIRTUAL_FUNCTIONS = YES;
				GCC_WARN_INITIALIZER_NOT_FULLY_BRACKETED = YES;
				GCC_WARN_NON_VIRTUAL_DESTRUCTOR = YES;
				GCC_WARN_SHADOW = YES;
				GCC_WARN_SIGN_COMPARE = YES;
				GCC_WARN_UNDECLARED_SELECTOR = YES;
				GCC_WARN_UNINITIALIZED_AUTOS = YES_AGGRESSIVE;
				GCC_WARN_UNKNOWN_PRAGMAS = YES;
				GCC_WARN_UNUSED_FUNCTION = YES;
				GCC_WARN_UNUSED_LABEL = YES;
				GCC_WARN_UNUSED_VARIABLE = YES;
				MTL_ENABLE_DEBUG_INFO = NO;
				PRODUCT_NAME = stylesheet;
				RUN_CLANG_STATIC_ANALYZER = YES;
				SKIP_INSTALL = YES;
				VALIDATE_PRODUCT = YES;
			};
			name = Release;
		};
		96EF25111D662D2F00F95C51 /* Debug */ = {
			isa = XCBuildConfiguration;
			buildSettings = {
				SDKROOT = iphoneos;
			};
			name = Debug;
		};
		96EF25121D662D2F00F95C51 /* Release */ = {
			isa = XCBuildConfiguration;
			buildSettings = {
				SDKROOT = iphoneos;
			};
			name = Release;
		};
/* End XCBuildConfiguration section */

/* Begin XCConfigurationList section */
		96EF25021D662D2E00F95C51 /* Build configuration list for PBXProject "StyleSheet" */ = {
			isa = XCConfigurationList;
			buildConfigurations = (
				96EF250E1D662D2F00F95C51 /* Debug */,
				96EF250F1D662D2F00F95C51 /* Release */,
			);
			defaultConfigurationIsVisible = 0;
			defaultConfigurationName = Release;
		};
		96EF25101D662D2F00F95C51 /* Build configuration list for PBXNativeTarget "StyleSheet" */ = {
			isa = XCConfigurationList;
			buildConfigurations = (
				96EF25111D662D2F00F95C51 /* Debug */,
				96EF25121D662D2F00F95C51 /* Release */,
			);
			defaultConfigurationIsVisible = 0;
			defaultConfigurationName = Release;
		};
/* End XCConfigurationList section */
	};
	rootObject = 96EF24FF1D662D2E00F95C51 /* Project object */;
}
